{
  "version": 4,
  "terraform_version": "1.10.5",
  "serial": 3,
  "lineage": "26d364f3-2b70-64db-a219-6fdb3df066a2",
  "outputs": {
    "ip_access_list": {
      "value": "10.150.242.114",
      "type": "string"
    },
    "project_name": {
      "value": "CiviMeter",
      "type": "string"
    },
    "username": {
      "value": "user-1",
      "type": "string"
    }
  },
  "resources": [
    {
      "mode": "managed",
      "type": "random_password",
      "name": "db-user-password",
      "provider": "provider[\"registry.terraform.io/hashicorp/random\"]",
      "instances": [
        {
          "schema_version": 3,
          "attributes": {
            "bcrypt_hash": "$2a$10$rMwcUdJfl5tF5x/cZsN.b.b3Dr4UCKjzk4NXZ2.ffQ2y1ydz6zU.C",
            "id": "none",
            "keepers": null,
            "length": 16,
            "lower": true,
            "min_lower": 0,
            "min_numeric": 0,
            "min_special": 0,
            "min_upper": 0,
            "number": true,
            "numeric": true,
            "override_special": "_%@",
            "result": "_8XIMuupHWx8W5Ge",
            "special": true,
            "upper": true
          },
          "sensitive_attributes": [
            [
              {
                "type": "get_attr",
                "value": "result"
              }
            ],
            [
              {
                "type": "get_attr",
                "value": "bcrypt_hash"
              }
            ]
          ]
        }
      ]
    }
  ],
  "check_results": null
}
